
Microsoft Visual Studio Solution File, Format Version 12.00
# Visual Studio Version 16
VisualStudioVersion = 16.0.29009.5
MinimumVisualStudioVersion = 10.0.40219.1
Project("{FAE04EC0-301F-11D3-BF4B-00C04F79EFBC}") = "cocos2d.iOS", "cocos2d\cocos2d.iOS.csproj", "{A83510D8-7AED-411E-9616-DCFEA180969E}"
EndProject
Project("{FAE04EC0-301F-11D3-BF4B-00C04F79EFBC}") = "box2d.iOS", "box2d\box2d.iOS.csproj", "{7877D4F9-F781-465A-9C1F-D113F246A994}"
EndProject
Global
	GlobalSection(SolutionConfigurationPlatforms) = preSolution
		Ad-Hoc|iPhone = Ad-Hoc|iPhone
		Ad-Hoc|iPhoneSimulator = Ad-Hoc|iPhoneSimulator
		AppStore|iPhone = AppStore|iPhone
		AppStore|iPhoneSimulator = AppStore|iPhoneSimulator
		Debug|iPhone = Debug|iPhone
		Debug|iPhoneSimulator = Debug|iPhoneSimulator
		Release|iPhone = Release|iPhone
		Release|iPhoneSimulator = Release|iPhoneSimulator
	EndGlobalSection
	GlobalSection(ProjectConfigurationPlatforms) = postSolution
		{A83510D8-7AED-411E-9616-DCFEA180969E}.Ad-Hoc|iPhone.ActiveCfg = Debug|iPhone
		{A83510D8-7AED-411E-9616-DCFEA180969E}.Ad-Hoc|iPhone.Build.0 = Debug|iPhone
		{A83510D8-7AED-411E-9616-DCFEA180969E}.Ad-Hoc|iPhoneSimulator.ActiveCfg = Debug|iPhoneSimulator
		{A83510D8-7AED-411E-9616-DCFEA180969E}.AppStore|iPhone.ActiveCfg = Release|iPhone
		{A83510D8-7AED-411E-9616-DCFEA180969E}.AppStore|iPhone.Build.0 = Release|iPhone
		{A83510D8-7AED-411E-9616-DCFEA180969E}.AppStore|iPhoneSimulator.ActiveCfg = Debug|iPhoneSimulator
		{A83510D8-7AED-411E-9616-DCFEA180969E}.Debug|iPhone.ActiveCfg = Debug|iPhone
		{A83510D8-7AED-411E-9616-DCFEA180969E}.Debug|iPhone.Build.0 = Debug|iPhone
		{A83510D8-7AED-411E-9616-DCFEA180969E}.Debug|iPhoneSimulator.ActiveCfg = Debug|iPhoneSimulator
		{A83510D8-7AED-411E-9616-DCFEA180969E}.Debug|iPhoneSimulator.Build.0 = Debug|iPhoneSimulator
		{A83510D8-7AED-411E-9616-DCFEA180969E}.Release|iPhone.ActiveCfg = Release|iPhone
		{A83510D8-7AED-411E-9616-DCFEA180969E}.Release|iPhone.Build.0 = Release|iPhone
		{A83510D8-7AED-411E-9616-DCFEA180969E}.Release|iPhoneSimulator.ActiveCfg = Release|iPhoneSimulator
		{A83510D8-7AED-411E-9616-DCFEA180969E}.Release|iPhoneSimulator.Build.0 = Release|iPhoneSimulator
		{7877D4F9-F781-465A-9C1F-D113F246A994}.Ad-Hoc|iPhone.ActiveCfg = Ad-Hoc|iPhone
		{7877D4F9-F781-465A-9C1F-D113F246A994}.Ad-Hoc|iPhone.Build.0 = Ad-Hoc|iPhone
		{7877D4F9-F781-465A-9C1F-D113F246A994}.Ad-Hoc|iPhoneSimulator.ActiveCfg = Ad-Hoc|iPhone
		{7877D4F9-F781-465A-9C1F-D113F246A994}.AppStore|iPhone.ActiveCfg = AppStore|iPhone
		{7877D4F9-F781-465A-9C1F-D113F246A994}.AppStore|iPhone.Build.0 = AppStore|iPhone
		{7877D4F9-F781-465A-9C1F-D113F246A994}.AppStore|iPhoneSimulator.ActiveCfg = AppStore|iPhone
		{7877D4F9-F781-465A-9C1F-D113F246A994}.Debug|iPhone.ActiveCfg = Debug|iPhone
		{7877D4F9-F781-465A-9C1F-D113F246A994}.Debug|iPhone.Build.0 = Debug|iPhone
		{7877D4F9-F781-465A-9C1F-D113F246A994}.Debug|iPhoneSimulator.ActiveCfg = Debug|iPhoneSimulator
		{7877D4F9-F781-465A-9C1F-D113F246A994}.Debug|iPhoneSimulator.Build.0 = Debug|iPhoneSimulator
		{7877D4F9-F781-465A-9C1F-D113F246A994}.Release|iPhone.ActiveCfg = Release|iPhone
		{7877D4F9-F781-465A-9C1F-D113F246A994}.Release|iPhone.Build.0 = Release|iPhone
		{7877D4F9-F781-465A-9C1F-D113F246A994}.Release|iPhoneSimulator.ActiveCfg = Release|iPhoneSimulator
		{7877D4F9-F781-465A-9C1F-D113F246A994}.Release|iPhoneSimulator.Build.0 = Release|iPhoneSimulator
	EndGlobalSection
	GlobalSection(SolutionProperties) = preSolution
		HideSolutionNode = FALSE
	EndGlobalSection
	GlobalSection(ExtensibilityGlobals) = postSolution
		SolutionGuid = {E60176CD-69B1-4829-A438-F8625EA9968D}
	EndGlobalSection
EndGlobal
